
Microsoft Visual Studio Solution File, Format Version 12.00
# Visual Studio Version 17
VisualStudioVersion = 17.12.35728.132 d17.12
MinimumVisualStudioVersion = 10.0.40219.1
Project("{FAE04EC0-301F-11D3-BF4B-00C04F79EFBC}") = "WebApi", "WebApi.csproj", "{5A1448E1-97F3-4474-8592-B2C5B1700B49}"
EndProject
Project("{FAE04EC0-301F-11D3-BF4B-00C04F79EFBC}") = "ClientApp", "..\ClientApp\ClientApp.csproj", "{B832782D-0EEE-4FE9-B4C8-C917CFA31F6C}"
EndProject
Global
	GlobalSection(SolutionConfigurationPlatforms) = preSolution
		Debug|Any CPU = Debug|Any CPU
		Release|Any CPU = Release|Any CPU
	EndGlobalSection
	GlobalSection(ProjectConfigurationPlatforms) = postSolution
		{5A1448E1-97F3-4474-8592-B2C5B1700B49}.Debug|Any CPU.ActiveCfg = Debug|Any CPU
		{5A1448E1-97F3-4474-8592-B2C5B1700B49}.Debug|Any CPU.Build.0 = Debug|Any CPU
		{5A1448E1-97F3-4474-8592-B2C5B1700B49}.Release|Any CPU.ActiveCfg = Release|Any CPU
		{5A1448E1-97F3-4474-8592-B2C5B1700B49}.Release|Any CPU.Build.0 = Release|Any CPU
		{B832782D-0EEE-4FE9-B4C8-C917CFA31F6C}.Debug|Any CPU.ActiveCfg = Debug|Any CPU
		{B832782D-0EEE-4FE9-B4C8-C917CFA31F6C}.Debug|Any CPU.Build.0 = Debug|Any CPU
		{B832782D-0EEE-4FE9-B4C8-C917CFA31F6C}.Release|Any CPU.ActiveCfg = Release|Any CPU
		{B832782D-0EEE-4FE9-B4C8-C917CFA31F6C}.Release|Any CPU.Build.0 = Release|Any CPU
	EndGlobalSection
	GlobalSection(SolutionProperties) = preSolution
		HideSolutionNode = FALSE
	EndGlobalSection
EndGlobal
